// !$*UTF8*$!
{
	archiveVersion = 1;
	classes = {
	};
	objectVersion = 42;
	objects = {

/* Begin PBXBuildFile section */
		8B02628D0990C38E000E8917 /* Character.cpp in Sources */ = {isa = PBXBuildFile; fileRef = 8B02628C0990C38E000E8917 /* Character.cpp */; };
		8B02953C0A3C559F0030B9B9 /* IdleGenerationLayer.cpp in Sources */ = {isa = PBXBuildFile; fileRef = 8B02953B0A3C559F0030B9B9 /* IdleGenerationLayer.cpp */; };
		8B029B440A01134C0022DD8B /* Xerces.framework in Frameworks */ = {isa = PBXBuildFile; fileRef = 8B029B430A01134C0022DD8B /* Xerces.framework */; };
		8B029F410A1B4D9D00B0EEDE /* ExpressionLibrary.cpp in Sources */ = {isa = PBXBuildFile; fileRef = 8B029F400A1B4D9D00B0EEDE /* ExpressionLibrary.cpp */; };
		8B029F570A1B530100B0EEDE /* BehaviorLibrary.cpp in Sources */ = {isa = PBXBuildFile; fileRef = 8B029F560A1B530100B0EEDE /* BehaviorLibrary.cpp */; };
		8B08EE72098F5BD100089F7C /* EngineManager.cpp in Sources */ = {isa = PBXBuildFile; fileRef = 8B08EE71098F5BD100089F7C /* EngineManager.cpp */; };
		8B0B43810A02147B007D1119 /* test.xml in Resources */ = {isa = PBXBuildFile; fileRef = 8B0B43800A02147B007D1119 /* test.xml */; };
		8B10C3BF0A94916D000ED8E7 /* Package.cpp in Sources */ = {isa = PBXBuildFile; fileRef = 8B10C3BE0A94916D000ED8E7 /* Package.cpp */; };
		8B1144E2093C530B00514A86 /* main.cpp in Sources */ = {isa = PBXBuildFile; fileRef = 8B1144E1093C530B00514A86 /* main.cpp */; };
		8B1144ED093C53CE00514A86 /* SDL.framework in Frameworks */ = {isa = PBXBuildFile; fileRef = 8B1144EC093C53CE00514A86 /* SDL.framework */; };
		8B11451A093C54A400514A86 /* Ogre.framework in Frameworks */ = {isa = PBXBuildFile; fileRef = 8B114519093C54A400514A86 /* Ogre.framework */; };
		8B1145FF093C5B6000514A86 /* plugins.cfg in Resources */ = {isa = PBXBuildFile; fileRef = 8B1145FE093C5B6000514A86 /* plugins.cfg */; };
		8B114601093C5B6C00514A86 /* resources.cfg in Resources */ = {isa = PBXBuildFile; fileRef = 8B114600093C5B6C00514A86 /* resources.cfg */; };
		8B187BF50A45C7220026A8A7 /* AnimationCutterLayer.cpp in Sources */ = {isa = PBXBuildFile; fileRef = 8B187BF40A45C7220026A8A7 /* AnimationCutterLayer.cpp */; };
		8B18EBEF098A4F270002129A /* IntensityInterpolator.cpp in Sources */ = {isa = PBXBuildFile; fileRef = 8B18EBEE098A4F270002129A /* IntensityInterpolator.cpp */; };
		8B1CD3850B1234BA005C6FBE /* EyePosition.cpp in Sources */ = {isa = PBXBuildFile; fileRef = 8B1CD3840B1234BA005C6FBE /* EyePosition.cpp */; };
		8B1CD38C0B1236D4005C6FBE /* EyeAnimation.cpp in Sources */ = {isa = PBXBuildFile; fileRef = 8B1CD38B0B1236D4005C6FBE /* EyeAnimation.cpp */; };
		8B2D8A6A0A97387E00D2FA52 /* Parser.cpp in Sources */ = {isa = PBXBuildFile; fileRef = 8B2D8A690A97387E00D2FA52 /* Parser.cpp */; };
		8B2D8AC60A97403800D2FA52 /* MessageParser.cpp in Sources */ = {isa = PBXBuildFile; fileRef = 8B2D8AC50A97403800D2FA52 /* MessageParser.cpp */; };
		8B30727409E93DAE006213A5 /* CharacterPerformance.cpp in Sources */ = {isa = PBXBuildFile; fileRef = 8B30727309E93DAE006213A5 /* CharacterPerformance.cpp */; };
		8B309F1C0A9DB9A800348EF3 /* AddCharacterPackage.cpp in Sources */ = {isa = PBXBuildFile; fileRef = 8B309F1B0A9DB9A800348EF3 /* AddCharacterPackage.cpp */; };
		8B30A0820A9DE2A400348EF3 /* Config.cpp in Sources */ = {isa = PBXBuildFile; fileRef = 8B30A0810A9DE2A400348EF3 /* Config.cpp */; };
		8B351B170B0495F90033E27F /* Generator.cpp in Sources */ = {isa = PBXBuildFile; fileRef = 8B351B160B0495F90033E27F /* Generator.cpp */; };
		8B351B470B0499B40033E27F /* HeadMovementGenerator.cpp in Sources */ = {isa = PBXBuildFile; fileRef = 8B351B460B0499B40033E27F /* HeadMovementGenerator.cpp */; };
		8B3989090A8A1E1D00DBBBD1 /* RenderingLayer.cpp in Sources */ = {isa = PBXBuildFile; fileRef = 8B3989070A8A1E1D00DBBBD1 /* RenderingLayer.cpp */; };
		8B3989B70A8A263C00DBBBD1 /* Pipeline.cpp in Sources */ = {isa = PBXBuildFile; fileRef = 8B3989B60A8A263C00DBBBD1 /* Pipeline.cpp */; };
		8B3C681F0D15850E004A46C7 /* libois.a in Frameworks */ = {isa = PBXBuildFile; fileRef = 8B3C681E0D15850E004A46C7 /* libois.a */; };
		8B3C68270D158555004A46C7 /* libFreeImage.a in Frameworks */ = {isa = PBXBuildFile; fileRef = 8B3C68240D158555004A46C7 /* libFreeImage.a */; };
		8B3C68280D158555004A46C7 /* libfreetype.a in Frameworks */ = {isa = PBXBuildFile; fileRef = 8B3C68250D158555004A46C7 /* libfreetype.a */; };
		8B3C68290D158555004A46C7 /* libzzip.a in Frameworks */ = {isa = PBXBuildFile; fileRef = 8B3C68260D158555004A46C7 /* libzzip.a */; };
		8B3C682E0D1585D5004A46C7 /* CEGUI.framework in Frameworks */ = {isa = PBXBuildFile; fileRef = 8B3C682B0D1585D5004A46C7 /* CEGUI.framework */; };
		8B3C682F0D1585D6004A46C7 /* Cg.framework in Frameworks */ = {isa = PBXBuildFile; fileRef = 8B3C682C0D1585D5004A46C7 /* Cg.framework */; };
		8B3C68300D1585D6004A46C7 /* OgreCEGUIRenderer.framework in Frameworks */ = {isa = PBXBuildFile; fileRef = 8B3C682D0D1585D5004A46C7 /* OgreCEGUIRenderer.framework */; };
		8B4400020A9F0C5300FCE209 /* AmbientLightPackage.cpp in Sources */ = {isa = PBXBuildFile; fileRef = 8B4400010A9F0C5300FCE209 /* AmbientLightPackage.cpp */; };
		8B4400130A9F0E4000FCE209 /* DirectionalLightPackage.cpp in Sources */ = {isa = PBXBuildFile; fileRef = 8B4400120A9F0E4000FCE209 /* DirectionalLightPackage.cpp */; };
		8B53727F0A1365AB00DAEE64 /* FacialExpression.cpp in Sources */ = {isa = PBXBuildFile; fileRef = 8B53727E0A1365AB00DAEE64 /* FacialExpression.cpp */; };
		8B5DF8DE0AAEBE2B00DDC577 /* AddObjectPackage.cpp in Sources */ = {isa = PBXBuildFile; fileRef = 8B5DF8DD0AAEBE2B00DDC577 /* AddObjectPackage.cpp */; };
		8B5DF9D60AAED38800DDC577 /* CameraControlPackage.cpp in Sources */ = {isa = PBXBuildFile; fileRef = 8B5DF9D50AAED38800DDC577 /* CameraControlPackage.cpp */; };
		8B6402220AB012C40001F9BA /* AudioTools.cpp in Sources */ = {isa = PBXBuildFile; fileRef = 8B6402210AB012C40001F9BA /* AudioTools.cpp */; };
		8B6402FC0AB04E390001F9BA /* CharacterSoundPackage.cpp in Sources */ = {isa = PBXBuildFile; fileRef = 8B6402FB0AB04E390001F9BA /* CharacterSoundPackage.cpp */; };
		8B640FAE0C9C8017007FA340 /* alutUtil.c in Sources */ = {isa = PBXBuildFile; fileRef = 8B640FAB0C9C7FEA007FA340 /* alutUtil.c */; };
		8B640FAF0C9C8018007FA340 /* alutLoader.c in Sources */ = {isa = PBXBuildFile; fileRef = 8B640F2F0C9C77AE007FA340 /* alutLoader.c */; };
		8B640FB00C9C8019007FA340 /* alutInputStream.c in Sources */ = {isa = PBXBuildFile; fileRef = 8B640F750C9C7DB8007FA340 /* alutInputStream.c */; };
		8B640FB10C9C801A007FA340 /* alutInit.c in Sources */ = {isa = PBXBuildFile; fileRef = 8B640F740C9C7DB8007FA340 /* alutInit.c */; };
		8B640FB20C9C801A007FA340 /* alutError.c in Sources */ = {isa = PBXBuildFile; fileRef = 8B640F730C9C7DB8007FA340 /* alutError.c */; };
		8B640FB30C9C801B007FA340 /* alutCodec.c in Sources */ = {isa = PBXBuildFile; fileRef = 8B640F720C9C7DB8007FA340 /* alutCodec.c */; };
		8B640FB40C9C801B007FA340 /* alutBufferData.c in Sources */ = {isa = PBXBuildFile; fileRef = 8B640F710C9C7DB8007FA340 /* alutBufferData.c */; };
		8B76758F0AD141DF00CF9F7F /* ObserverKeyFrame.cpp in Sources */ = {isa = PBXBuildFile; fileRef = 8B76758E0AD141DF00CF9F7F /* ObserverKeyFrame.cpp */; };
		8B76DF7D0C52090F0048F611 /* SConstruct in Resources */ = {isa = PBXBuildFile; fileRef = 8B76DF7C0C52090F0048F611 /* SConstruct */; };
		8B7885220987D31D003658FC /* InvalidTimingException.cpp in Sources */ = {isa = PBXBuildFile; fileRef = 8B7885210987D31D003658FC /* InvalidTimingException.cpp */; };
		8B7CD3490B2AF9050079B01E /* RemoveCharacterPackage.cpp in Sources */ = {isa = PBXBuildFile; fileRef = 8B7CD3480B2AF9050079B01E /* RemoveCharacterPackage.cpp */; };
		8B7CD3BD0B2B03100079B01E /* RemoveObjectPackage.cpp in Sources */ = {isa = PBXBuildFile; fileRef = 8B7CD3BC0B2B03100079B01E /* RemoveObjectPackage.cpp */; };
		8B7CD3C00B2B031E0079B01E /* RemoveDirectionalLightPackage.cpp in Sources */ = {isa = PBXBuildFile; fileRef = 8B7CD3BF0B2B031E0079B01E /* RemoveDirectionalLightPackage.cpp */; };
		8B94245B0AFBCDD100809A40 /* AnimationGenerationLayer.cpp in Sources */ = {isa = PBXBuildFile; fileRef = 8B94245A0AFBCDD100809A40 /* AnimationGenerationLayer.cpp */; };
		8B971EC709E69EB2000FA720 /* DataManager.cpp in Sources */ = {isa = PBXBuildFile; fileRef = 8B971EC609E69EB2000FA720 /* DataManager.cpp */; };
		8B971ECA09E6A0A9000FA720 /* CharacterData.cpp in Sources */ = {isa = PBXBuildFile; fileRef = 8B971EC909E6A0A9000FA720 /* CharacterData.cpp */; };
		8BA1F9090B2721BF00670B11 /* SAMLParser.cpp in Sources */ = {isa = PBXBuildFile; fileRef = 8BA1F9080B2721BF00670B11 /* SAMLParser.cpp */; };
		8BCC52F10A26FA6D008B23C1 /* ActionScript.cpp in Sources */ = {isa = PBXBuildFile; fileRef = 8BCC52F00A26FA6D008B23C1 /* ActionScript.cpp */; };
		8BCC52F70A26FC61008B23C1 /* CharacterExpression.cpp in Sources */ = {isa = PBXBuildFile; fileRef = 8BCC52F60A26FC61008B23C1 /* CharacterExpression.cpp */; };
		8BDC8FCB09FBDDF4004F3032 /* PipelineMiddleLayer.cpp in Sources */ = {isa = PBXBuildFile; fileRef = 8BDC8FCA09FBDDF4004F3032 /* PipelineMiddleLayer.cpp */; };
		8BDCBE8009EE5CD900DEF187 /* NetworkLayer.cpp in Sources */ = {isa = PBXBuildFile; fileRef = 8BDCBE7F09EE5CD900DEF187 /* NetworkLayer.cpp */; };
		8BDCBEFD09EE64A000DEF187 /* SDL_net.framework in Frameworks */ = {isa = PBXBuildFile; fileRef = 8BDCBEFC09EE64A000DEF187 /* SDL_net.framework */; };
		8BDCC05009EE8AF200DEF187 /* SDLMain.m in Sources */ = {isa = PBXBuildFile; fileRef = 8BDCC04F09EE8AF200DEF187 /* SDLMain.m */; };
		8BE686EC0A29D090007D1BC5 /* BodyAnimationLibrary.cpp in Sources */ = {isa = PBXBuildFile; fileRef = 8BE686EB0A29D090007D1BC5 /* BodyAnimationLibrary.cpp */; };
		8BE686EF0A29D236007D1BC5 /* BodyAnimation.cpp in Sources */ = {isa = PBXBuildFile; fileRef = 8BE686EE0A29D236007D1BC5 /* BodyAnimation.cpp */; };
		8BE687B20A29E950007D1BC5 /* ActionLibrary.cpp in Sources */ = {isa = PBXBuildFile; fileRef = 8BE687B10A29E950007D1BC5 /* ActionLibrary.cpp */; };
		8BEB74970AAB1E9200E7FC9E /* AudioTrack.cpp in Sources */ = {isa = PBXBuildFile; fileRef = 8BEB74960AAB1E9200E7FC9E /* AudioTrack.cpp */; };
		8BF8C7AB09DEDB85008DA59F /* libboost_thread.a in Frameworks */ = {isa = PBXBuildFile; fileRef = 8BF8C69D09DEADAE008DA59F /* libboost_thread.a */; };
		8BF8C7CA09DEDC97008DA59F /* PipelineLayer.cpp in Sources */ = {isa = PBXBuildFile; fileRef = 8BF8C79E09DED9DE008DA59F /* PipelineLayer.cpp */; };
		8BF8C7FE09DEE346008DA59F /* PipelineManager.cpp in Sources */ = {isa = PBXBuildFile; fileRef = 8BF8C7E109DEDE8C008DA59F /* PipelineManager.cpp */; };
		8BF8C86809DF16CE008DA59F /* PackageQueue.cpp in Sources */ = {isa = PBXBuildFile; fileRef = 8BF8C86709DF16CE008DA59F /* PackageQueue.cpp */; };
		8BF8C87409DF1918008DA59F /* CharacterDataPackage.cpp in Sources */ = {isa = PBXBuildFile; fileRef = 8BF8C87309DF1918008DA59F /* CharacterDataPackage.cpp */; };
		8BFA67700AA99A01006FD624 /* OpenAL.framework in Frameworks */ = {isa = PBXBuildFile; fileRef = 8BFA676F0AA99A01006FD624 /* OpenAL.framework */; };
		8BFA68050AA9B046006FD624 /* Observer.cpp in Sources */ = {isa = PBXBuildFile; fileRef = 8BFA68040AA9B046006FD624 /* Observer.cpp */; };
		8BFB6F010B2C16A300622E8A /* ImportSAMLFilePackage.cpp in Sources */ = {isa = PBXBuildFile; fileRef = 8BFB6F000B2C16A300622E8A /* ImportSAMLFilePackage.cpp */; };
		8BFB6F080B2C177800622E8A /* ImportFEMLFilePackage.cpp in Sources */ = {isa = PBXBuildFile; fileRef = 8BFB6F070B2C177800622E8A /* ImportFEMLFilePackage.cpp */; };
		8BFB701D0B2C2E3700622E8A /* EyeGazeGenerator.cpp in Sources */ = {isa = PBXBuildFile; fileRef = 8BFB701C0B2C2E3700622E8A /* EyeGazeGenerator.cpp */; };
		8BFD4BD80A77AEE800DDB7F8 /* FKPerformance.cpp in Sources */ = {isa = PBXBuildFile; fileRef = 8BFD4BD70A77AEE800DDB7F8 /* FKPerformance.cpp */; };
		8BFD4BE50A77B02100DDB7F8 /* FKTrack.cpp in Sources */ = {isa = PBXBuildFile; fileRef = 8BFD4BE40A77B02100DDB7F8 /* FKTrack.cpp */; };
		8BFD4BFC0A77B25600DDB7F8 /* FKKeyFrame.cpp in Sources */ = {isa = PBXBuildFile; fileRef = 8BFD4BFB0A77B25600DDB7F8 /* FKKeyFrame.cpp */; };
		8BFED2A70A8DE15B0048DE95 /* FEMLParser.cpp in Sources */ = {isa = PBXBuildFile; fileRef = 8BFED2A60A8DE15B0048DE95 /* FEMLParser.cpp */; };
		8D11072B0486CEB800E47090 /* InfoPlist.strings in Resources */ = {isa = PBXBuildFile; fileRef = 089C165CFE840E0CC02AAC07 /* InfoPlist.strings */; };
		8D11072F0486CEB800E47090 /* Cocoa.framework in Frameworks */ = {isa = PBXBuildFile; fileRef = 1058C7A1FEA54F0111CA2CBB /* Cocoa.framework */; };
/* End PBXBuildFile section */

/* Begin PBXFileReference section */
		089C165DFE840E0CC02AAC07 /* English */ = {isa = PBXFileReference; fileEncoding = 10; lastKnownFileType = text.plist.strings; name = English; path = English.lproj/InfoPlist.strings; sourceTree = "<group>"; };
		1058C7A1FEA54F0111CA2CBB /* Cocoa.framework */ = {isa = PBXFileReference; lastKnownFileType = wrapper.framework; name = Cocoa.framework; path = /System/Library/Frameworks/Cocoa.framework; sourceTree = "<absolute>"; };
		13E42FB307B3F0F600E4EEF1 /* CoreData.framework */ = {isa = PBXFileReference; lastKnownFileType = wrapper.framework; name = CoreData.framework; path = /System/Library/Frameworks/CoreData.framework; sourceTree = "<absolute>"; };
		29B97324FDCFA39411CA2CEA /* AppKit.framework */ = {isa = PBXFileReference; lastKnownFileType = wrapper.framework; name = AppKit.framework; path = /System/Library/Frameworks/AppKit.framework; sourceTree = "<absolute>"; };
		29B97325FDCFA39411CA2CEA /* Foundation.framework */ = {isa = PBXFileReference; lastKnownFileType = wrapper.framework; name = Foundation.framework; path = /System/Library/Frameworks/Foundation.framework; sourceTree = "<absolute>"; };
		8B0146BD0A1C77C5002B8038 /* ExpressionMap.h */ = {isa = PBXFileReference; fileEncoding = 4; lastKnownFileType = sourcecode.c.h; path = ExpressionMap.h; sourceTree = "<group>"; };
		8B015562099B3BF70052350E /* CharacterMap.h */ = {isa = PBXFileReference; fileEncoding = 4; lastKnownFileType = sourcecode.c.h; path = CharacterMap.h; sourceTree = "<group>"; };
		8B02628B0990C38E000E8917 /* Character.h */ = {isa = PBXFileReference; fileEncoding = 4; lastKnownFileType = sourcecode.c.h; path = Character.h; sourceTree = "<group>"; };
		8B02628C0990C38E000E8917 /* Character.cpp */ = {isa = PBXFileReference; fileEncoding = 4; lastKnownFileType = sourcecode.cpp.cpp; path = Character.cpp; sourceTree = "<group>"; };
		8B02953A0A3C559F0030B9B9 /* IdleGenerationLayer.h */ = {isa = PBXFileReference; fileEncoding = 4; lastKnownFileType = sourcecode.c.h; path = IdleGenerationLayer.h; sourceTree = "<group>"; };
		8B02953B0A3C559F0030B9B9 /* IdleGenerationLayer.cpp */ = {isa = PBXFileReference; fileEncoding = 4; lastKnownFileType = sourcecode.cpp.cpp; path = IdleGenerationLayer.cpp; sourceTree = "<group>"; };
		8B029B430A01134C0022DD8B /* Xerces.framework */ = {isa = PBXFileReference; lastKnownFileType = wrapper.framework; name = Xerces.framework; path = /Library/Frameworks/Xerces.framework; sourceTree = "<absolute>"; };
		8B029F3F0A1B4D9D00B0EEDE /* ExpressionLibrary.h */ = {isa = PBXFileReference; fileEncoding = 4; lastKnownFileType = sourcecode.c.h; path = ExpressionLibrary.h; sourceTree = "<group>"; };
		8B029F400A1B4D9D00B0EEDE /* ExpressionLibrary.cpp */ = {isa = PBXFileReference; fileEncoding = 4; lastKnownFileType = sourcecode.cpp.cpp; path = ExpressionLibrary.cpp; sourceTree = "<group>"; };
		8B029F550A1B530100B0EEDE /* BehaviorLibrary.h */ = {isa = PBXFileReference; fileEncoding = 4; lastKnownFileType = sourcecode.c.h; path = BehaviorLibrary.h; sourceTree = "<group>"; };
		8B029F560A1B530100B0EEDE /* BehaviorLibrary.cpp */ = {isa = PBXFileReference; fileEncoding = 4; lastKnownFileType = sourcecode.cpp.cpp; path = BehaviorLibrary.cpp; sourceTree = "<group>"; };
		8B08EE70098F5BD100089F7C /* EngineManager.h */ = {isa = PBXFileReference; fileEncoding = 4; lastKnownFileType = sourcecode.c.h; path = EngineManager.h; sourceTree = "<group>"; };
		8B08EE71098F5BD100089F7C /* EngineManager.cpp */ = {isa = PBXFileReference; fileEncoding = 4; lastKnownFileType = sourcecode.cpp.cpp; path = EngineManager.cpp; sourceTree = "<group>"; };
		8B0B43800A02147B007D1119 /* test.xml */ = {isa = PBXFileReference; fileEncoding = 4; lastKnownFileType = text.xml; name = test.xml; path = ../../CLEAN_UP/test.xml; sourceTree = "<group>"; };
		8B0D476F09FF6B3D00BC8E5F /* CharacterPerformanceMap.h */ = {isa = PBXFileReference; fileEncoding = 4; lastKnownFileType = sourcecode.c.h; path = CharacterPerformanceMap.h; sourceTree = "<group>"; };
		8B0D477209FF6B7800BC8E5F /* CharacterPerformanceVector.h */ = {isa = PBXFileReference; fileEncoding = 4; lastKnownFileType = sourcecode.c.h; path = CharacterPerformanceVector.h; sourceTree = "<group>"; };
		8B10C3BD0A94916D000ED8E7 /* Package.h */ = {isa = PBXFileReference; fileEncoding = 4; lastKnownFileType = sourcecode.c.h; path = Package.h; sourceTree = "<group>"; };
		8B10C3BE0A94916D000ED8E7 /* Package.cpp */ = {isa = PBXFileReference; fileEncoding = 4; lastKnownFileType = sourcecode.cpp.cpp; path = Package.cpp; sourceTree = "<group>"; };
		8B1144E1093C530B00514A86 /* main.cpp */ = {isa = PBXFileReference; fileEncoding = 4; lastKnownFileType = sourcecode.cpp.cpp; path = main.cpp; sourceTree = "<group>"; };
		8B1144EC093C53CE00514A86 /* SDL.framework */ = {isa = PBXFileReference; lastKnownFileType = wrapper.framework; name = SDL.framework; path = /Library/Frameworks/SDL.framework; sourceTree = "<absolute>"; };
		8B114519093C54A400514A86 /* Ogre.framework */ = {isa = PBXFileReference; lastKnownFileType = wrapper.framework; path = Ogre.framework; sourceTree = "<group>"; };
		8B1145FE093C5B6000514A86 /* plugins.cfg */ = {isa = PBXFileReference; fileEncoding = 30; lastKnownFileType = text; name = plugins.cfg; path = ../../cfg/plugins.cfg; sourceTree = "<group>"; };
		8B114600093C5B6C00514A86 /* resources.cfg */ = {isa = PBXFileReference; fileEncoding = 30; lastKnownFileType = text; name = resources.cfg; path = ../../cfg/resources.cfg; sourceTree = "<group>"; };
		8B187BF30A45C7220026A8A7 /* AnimationCutterLayer.h */ = {isa = PBXFileReference; fileEncoding = 4; lastKnownFileType = sourcecode.c.h; path = AnimationCutterLayer.h; sourceTree = "<group>"; };
		8B187BF40A45C7220026A8A7 /* AnimationCutterLayer.cpp */ = {isa = PBXFileReference; fileEncoding = 4; lastKnownFileType = sourcecode.cpp.cpp; path = AnimationCutterLayer.cpp; sourceTree = "<group>"; };
		8B18EBED098A4F270002129A /* IntensityInterpolator.h */ = {isa = PBXFileReference; fileEncoding = 4; lastKnownFileType = sourcecode.c.h; path = IntensityInterpolator.h; sourceTree = "<group>"; };
		8B18EBEE098A4F270002129A /* IntensityInterpolator.cpp */ = {isa = PBXFileReference; fileEncoding = 4; lastKnownFileType = sourcecode.cpp.cpp; path = IntensityInterpolator.cpp; sourceTree = "<group>"; };
		8B1CD3830B1234BA005C6FBE /* EyePosition.h */ = {isa = PBXFileReference; fileEncoding = 4; lastKnownFileType = sourcecode.c.h; path = EyePosition.h; sourceTree = "<group>"; };
		8B1CD3840B1234BA005C6FBE /* EyePosition.cpp */ = {isa = PBXFileReference; fileEncoding = 4; lastKnownFileType = sourcecode.cpp.cpp; path = EyePosition.cpp; sourceTree = "<group>"; };
		8B1CD38A0B1236D4005C6FBE /* EyeAnimation.h */ = {isa = PBXFileReference; fileEncoding = 4; lastKnownFileType = sourcecode.c.h; path = EyeAnimation.h; sourceTree = "<group>"; };
		8B1CD38B0B1236D4005C6FBE /* EyeAnimation.cpp */ = {isa = PBXFileReference; fileEncoding = 4; lastKnownFileType = sourcecode.cpp.cpp; path = EyeAnimation.cpp; sourceTree = "<group>"; };
		8B1CD3930B12386A005C6FBE /* TimedEyePositionMap.h */ = {isa = PBXFileReference; fileEncoding = 4; lastKnownFileType = sourcecode.c.h; path = TimedEyePositionMap.h; sourceTree = "<group>"; };
		8B1CD3DB0B124924005C6FBE /* EyeAnimationVector.h */ = {isa = PBXFileReference; fileEncoding = 4; lastKnownFileType = sourcecode.c.h; path = EyeAnimationVector.h; sourceTree = "<group>"; };
		8B2B76520A8B2DE3001E51A4 /* PipelineMap.h */ = {isa = PBXFileReference; fileEncoding = 4; lastKnownFileType = sourcecode.c.h; path = PipelineMap.h; sourceTree = "<group>"; };
		8B2D3C440A9600ED00BD068A /* newFormat.xml */ = {isa = PBXFileReference; fileEncoding = 4; lastKnownFileType = text.xml; name = newFormat.xml; path = ../../CLEAN_UP/newFormat.xml; sourceTree = "<group>"; };
		8B2D8A680A97387E00D2FA52 /* Parser.h */ = {isa = PBXFileReference; fileEncoding = 4; lastKnownFileType = sourcecode.c.h; path = Parser.h; sourceTree = "<group>"; };
		8B2D8A690A97387E00D2FA52 /* Parser.cpp */ = {isa = PBXFileReference; fileEncoding = 4; lastKnownFileType = sourcecode.cpp.cpp; path = Parser.cpp; sourceTree = "<group>"; };
		8B2D8AC40A97403800D2FA52 /* MessageParser.h */ = {isa = PBXFileReference; fileEncoding = 4; lastKnownFileType = sourcecode.c.h; path = MessageParser.h; sourceTree = "<group>"; };
		8B2D8AC50A97403800D2FA52 /* MessageParser.cpp */ = {isa = PBXFileReference; fileEncoding = 4; lastKnownFileType = sourcecode.cpp.cpp; path = MessageParser.cpp; sourceTree = "<group>"; };
		8B30727209E93DAE006213A5 /* CharacterPerformance.h */ = {isa = PBXFileReference; fileEncoding = 4; lastKnownFileType = sourcecode.c.h; path = CharacterPerformance.h; sourceTree = "<group>"; };
		8B30727309E93DAE006213A5 /* CharacterPerformance.cpp */ = {isa = PBXFileReference; fileEncoding = 4; lastKnownFileType = sourcecode.cpp.cpp; path = CharacterPerformance.cpp; sourceTree = "<group>"; };
		8B309F1A0A9DB9A800348EF3 /* AddCharacterPackage.h */ = {isa = PBXFileReference; fileEncoding = 4; lastKnownFileType = sourcecode.c.h; path = AddCharacterPackage.h; sourceTree = "<group>"; };
		8B309F1B0A9DB9A800348EF3 /* AddCharacterPackage.cpp */ = {isa = PBXFileReference; fileEncoding = 4; lastKnownFileType = sourcecode.cpp.cpp; path = AddCharacterPackage.cpp; sourceTree = "<group>"; };
		8B30A07D0A9DE26400348EF3 /* config.xml */ = {isa = PBXFileReference; fileEncoding = 4; lastKnownFileType = text.xml; name = config.xml; path = ../../CLEAN_UP/config.xml; sourceTree = "<group>"; };
		8B30A0800A9DE2A400348EF3 /* Config.h */ = {isa = PBXFileReference; fileEncoding = 4; lastKnownFileType = sourcecode.c.h; path = Config.h; sourceTree = "<group>"; };
		8B30A0810A9DE2A400348EF3 /* Config.cpp */ = {isa = PBXFileReference; fileEncoding = 4; lastKnownFileType = sourcecode.cpp.cpp; path = Config.cpp; sourceTree = "<group>"; };
		8B351B150B0495F90033E27F /* Generator.h */ = {isa = PBXFileReference; fileEncoding = 4; lastKnownFileType = sourcecode.c.h; path = Generator.h; sourceTree = "<group>"; };
		8B351B160B0495F90033E27F /* Generator.cpp */ = {isa = PBXFileReference; fileEncoding = 4; lastKnownFileType = sourcecode.cpp.cpp; path = Generator.cpp; sourceTree = "<group>"; };
		8B351B450B0499B40033E27F /* HeadMovementGenerator.h */ = {isa = PBXFileReference; fileEncoding = 4; lastKnownFileType = sourcecode.c.h; path = HeadMovementGenerator.h; sourceTree = "<group>"; };
		8B351B460B0499B40033E27F /* HeadMovementGenerator.cpp */ = {isa = PBXFileReference; fileEncoding = 4; lastKnownFileType = sourcecode.cpp.cpp; path = HeadMovementGenerator.cpp; sourceTree = "<group>"; };
		8B3989070A8A1E1D00DBBBD1 /* RenderingLayer.cpp */ = {isa = PBXFileReference; fileEncoding = 30; lastKnownFileType = sourcecode.cpp.cpp; path = RenderingLayer.cpp; sourceTree = "<group>"; };
		8B3989080A8A1E1D00DBBBD1 /* RenderingLayer.h */ = {isa = PBXFileReference; fileEncoding = 30; lastKnownFileType = sourcecode.c.h; path = RenderingLayer.h; sourceTree = "<group>"; };
		8B3989B50A8A263B00DBBBD1 /* Pipeline.h */ = {isa = PBXFileReference; fileEncoding = 4; lastKnownFileType = sourcecode.c.h; path = Pipeline.h; sourceTree = "<group>"; };
		8B3989B60A8A263C00DBBBD1 /* Pipeline.cpp */ = {isa = PBXFileReference; fileEncoding = 4; lastKnownFileType = sourcecode.cpp.cpp; path = Pipeline.cpp; sourceTree = "<group>"; };
		8B3C666F0D1557F3004A46C7 /* OIS.h */ = {isa = PBXFileReference; fileEncoding = 30; lastKnownFileType = sourcecode.c.h; path = OIS.h; sourceTree = "<group>"; };
		8B3C66700D1557F3004A46C7 /* OISConfig.h */ = {isa = PBXFileReference; fileEncoding = 30; lastKnownFileType = sourcecode.c.h; path = OISConfig.h; sourceTree = "<group>"; };
		8B3C66710D1557F3004A46C7 /* OISEffect.h */ = {isa = PBXFileReference; fileEncoding = 30; lastKnownFileType = sourcecode.c.h; path = OISEffect.h; sourceTree = "<group>"; };
		8B3C66720D1557F3004A46C7 /* OISEvents.h */ = {isa = PBXFileReference; fileEncoding = 30; lastKnownFileType = sourcecode.c.h; path = OISEvents.h; sourceTree = "<group>"; };
		8B3C66730D1557F3004A46C7 /* OISException.h */ = {isa = PBXFileReference; fileEncoding = 30; lastKnownFileType = sourcecode.c.h; path = OISException.h; sourceTree = "<group>"; };
		8B3C66740D1557F3004A46C7 /* OISForceFeedback.h */ = {isa = PBXFileReference; fileEncoding = 30; lastKnownFileType = sourcecode.c.h; path = OISForceFeedback.h; sourceTree = "<group>"; };
		8B3C66750D1557F3004A46C7 /* OISInputManager.h */ = {isa = PBXFileReference; fileEncoding = 30; lastKnownFileType = sourcecode.c.h; path = OISInputManager.h; sourceTree = "<group>"; };
		8B3C66760D1557F3004A46C7 /* OISInterface.h */ = {isa = PBXFileReference; fileEncoding = 30; lastKnownFileType = sourcecode.c.h; path = OISInterface.h; sourceTree = "<group>"; };
		8B3C66770D1557F3004A46C7 /* OISJoyStick.h */ = {isa = PBXFileReference; fileEncoding = 30; lastKnownFileType = sourcecode.c.h; path = OISJoyStick.h; sourceTree = "<group>"; };
		8B3C66780D1557F3004A46C7 /* OISKeyboard.h */ = {isa = PBXFileReference; fileEncoding = 30; lastKnownFileType = sourcecode.c.h; path = OISKeyboard.h; sourceTree = "<group>"; };
		8B3C66790D1557F3004A46C7 /* OISMouse.h */ = {isa = PBXFileReference; fileEncoding = 30; lastKnownFileType = sourcecode.c.h; path = OISMouse.h; sourceTree = "<group>"; };
		8B3C667A0D1557F3004A46C7 /* OISObject.h */ = {isa = PBXFileReference; fileEncoding = 30; lastKnownFileType = sourcecode.c.h; path = OISObject.h; sourceTree = "<group>"; };
		8B3C667B0D1557F3004A46C7 /* OISPrereqs.h */ = {isa = PBXFileReference; fileEncoding = 30; lastKnownFileType = sourcecode.c.h; path = OISPrereqs.h; sourceTree = "<group>"; };
		8B3C681E0D15850E004A46C7 /* libois.a */ = {isa = PBXFileReference; lastKnownFileType = archive.ar; name = libois.a; path = Dependencies/lib/Debug/libois.a; sourceTree = "<group>"; };
		8B3C68240D158555004A46C7 /* libFreeImage.a */ = {isa = PBXFileReference; lastKnownFileType = archive.ar; name = libFreeImage.a; path = Dependencies/lib/Debug/libFreeImage.a; sourceTree = "<group>"; };
		8B3C68250D158555004A46C7 /* libfreetype.a */ = {isa = PBXFileReference; lastKnownFileType = archive.ar; name = libfreetype.a; path = Dependencies/lib/Debug/libfreetype.a; sourceTree = "<group>"; };
		8B3C68260D158555004A46C7 /* libzzip.a */ = {isa = PBXFileReference; lastKnownFileType = archive.ar; name = libzzip.a; path = Dependencies/lib/Debug/libzzip.a; sourceTree = "<group>"; };
		8B3C682B0D1585D5004A46C7 /* CEGUI.framework */ = {isa = PBXFileReference; lastKnownFileType = wrapper.framework; name = CEGUI.framework; path = Dependencies/CEGUI.framework; sourceTree = "<group>"; };
		8B3C682C0D1585D5004A46C7 /* Cg.framework */ = {isa = PBXFileReference; lastKnownFileType = wrapper.framework; name = Cg.framework; path = Dependencies/Cg.framework; sourceTree = "<group>"; };
		8B3C682D0D1585D5004A46C7 /* OgreCEGUIRenderer.framework */ = {isa = PBXFileReference; lastKnownFileType = wrapper.framework; name = OgreCEGUIRenderer.framework; path = Dependencies/OgreCEGUIRenderer.framework; sourceTree = "<group>"; };
		8B4400000A9F0C5300FCE209 /* AmbientLightPackage.h */ = {isa = PBXFileReference; fileEncoding = 4; lastKnownFileType = sourcecode.c.h; path = AmbientLightPackage.h; sourceTree = "<group>"; };
		8B4400010A9F0C5300FCE209 /* AmbientLightPackage.cpp */ = {isa = PBXFileReference; fileEncoding = 4; lastKnownFileType = sourcecode.cpp.cpp; path = AmbientLightPackage.cpp; sourceTree = "<group>"; };
		8B4400110A9F0E4000FCE209 /* DirectionalLightPackage.h */ = {isa = PBXFileReference; fileEncoding = 4; lastKnownFileType = sourcecode.c.h; path = DirectionalLightPackage.h; sourceTree = "<group>"; };
		8B4400120A9F0E4000FCE209 /* DirectionalLightPackage.cpp */ = {isa = PBXFileReference; fileEncoding = 4; lastKnownFileType = sourcecode.cpp.cpp; path = DirectionalLightPackage.cpp; sourceTree = "<group>"; };
		8B53727D0A1365AB00DAEE64 /* FacialExpression.h */ = {isa = PBXFileReference; fileEncoding = 4; lastKnownFileType = sourcecode.c.h; path = FacialExpression.h; sourceTree = "<group>"; };
		8B53727E0A1365AB00DAEE64 /* FacialExpression.cpp */ = {isa = PBXFileReference; fileEncoding = 4; lastKnownFileType = sourcecode.cpp.cpp; path = FacialExpression.cpp; sourceTree = "<group>"; };
		8B5DF8DC0AAEBE2B00DDC577 /* AddObjectPackage.h */ = {isa = PBXFileReference; fileEncoding = 4; lastKnownFileType = sourcecode.c.h; path = AddObjectPackage.h; sourceTree = "<group>"; };
		8B5DF8DD0AAEBE2B00DDC577 /* AddObjectPackage.cpp */ = {isa = PBXFileReference; fileEncoding = 4; lastKnownFileType = sourcecode.cpp.cpp; path = AddObjectPackage.cpp; sourceTree = "<group>"; };
		8B5DF9D40AAED38800DDC577 /* CameraControlPackage.h */ = {isa = PBXFileReference; fileEncoding = 4; lastKnownFileType = sourcecode.c.h; path = CameraControlPackage.h; sourceTree = "<group>"; };
		8B5DF9D50AAED38800DDC577 /* CameraControlPackage.cpp */ = {isa = PBXFileReference; fileEncoding = 4; lastKnownFileType = sourcecode.cpp.cpp; path = CameraControlPackage.cpp; sourceTree = "<group>"; };
		8B5F706F0A7A20490015C23D /* FKPerformanceMap.h */ = {isa = PBXFileReference; fileEncoding = 4; lastKnownFileType = sourcecode.c.h; path = FKPerformanceMap.h; sourceTree = "<group>"; };
		8B6402200AB012C40001F9BA /* AudioTools.h */ = {isa = PBXFileReference; fileEncoding = 4; lastKnownFileType = sourcecode.c.h; path = AudioTools.h; sourceTree = "<group>"; };
		8B6402210AB012C40001F9BA /* AudioTools.cpp */ = {isa = PBXFileReference; fileEncoding = 4; lastKnownFileType = sourcecode.cpp.cpp; path = AudioTools.cpp; sourceTree = "<group>"; };
		8B6402FA0AB04E390001F9BA /* CharacterSoundPackage.h */ = {isa = PBXFileReference; fileEncoding = 4; lastKnownFileType = sourcecode.c.h; path = CharacterSoundPackage.h; sourceTree = "<group>"; };
		8B6402FB0AB04E390001F9BA /* CharacterSoundPackage.cpp */ = {isa = PBXFileReference; fileEncoding = 4; lastKnownFileType = sourcecode.cpp.cpp; path = CharacterSoundPackage.cpp; sourceTree = "<group>"; };
		8B640F2F0C9C77AE007FA340 /* alutLoader.c */ = {isa = PBXFileReference; fileEncoding = 30; lastKnownFileType = sourcecode.c.c; path = alutLoader.c; sourceTree = "<group>"; };
		8B640F320C9C77DF007FA340 /* alutInternal.h */ = {isa = PBXFileReference; fileEncoding = 30; lastKnownFileType = sourcecode.c.h; path = alutInternal.h; sourceTree = "<group>"; };
		8B640F330C9C77FF007FA340 /* alut.h */ = {isa = PBXFileReference; fileEncoding = 30; lastKnownFileType = sourcecode.c.h; path = alut.h; sourceTree = "<group>"; };
		8B640F710C9C7DB8007FA340 /* alutBufferData.c */ = {isa = PBXFileReference; lastKnownFileType = sourcecode.c.c; path = alutBufferData.c; sourceTree = "<group>"; };
		8B640F720C9C7DB8007FA340 /* alutCodec.c */ = {isa = PBXFileReference; lastKnownFileType = sourcecode.c.c; path = alutCodec.c; sourceTree = "<group>"; };
		8B640F730C9C7DB8007FA340 /* alutError.c */ = {isa = PBXFileReference; lastKnownFileType = sourcecode.c.c; path = alutError.c; sourceTree = "<group>"; };
		8B640F740C9C7DB8007FA340 /* alutInit.c */ = {isa = PBXFileReference; lastKnownFileType = sourcecode.c.c; path = alutInit.c; sourceTree = "<group>"; };
		8B640F750C9C7DB8007FA340 /* alutInputStream.c */ = {isa = PBXFileReference; lastKnownFileType = sourcecode.c.c; path = alutInputStream.c; sourceTree = "<group>"; };
		8B640FAB0C9C7FEA007FA340 /* alutUtil.c */ = {isa = PBXFileReference; fileEncoding = 30; lastKnownFileType = sourcecode.c.c; path = alutUtil.c; sourceTree = "<group>"; };
		8B76758D0AD141DF00CF9F7F /* ObserverKeyFrame.h */ = {isa = PBXFileReference; fileEncoding = 4; lastKnownFileType = sourcecode.c.h; path = ObserverKeyFrame.h; sourceTree = "<group>"; };
		8B76758E0AD141DF00CF9F7F /* ObserverKeyFrame.cpp */ = {isa = PBXFileReference; fileEncoding = 4; lastKnownFileType = sourcecode.cpp.cpp; path = ObserverKeyFrame.cpp; sourceTree = "<group>"; };
		8B76DF7C0C52090F0048F611 /* SConstruct */ = {isa = PBXFileReference; fileEncoding = 30; lastKnownFileType = text; name = SConstruct; path = ../../CLEAN_UP/SConstruct; sourceTree = "<group>"; };
		8B7885200987D31D003658FC /* InvalidTimingException.h */ = {isa = PBXFileReference; fileEncoding = 4; lastKnownFileType = sourcecode.c.h; path = InvalidTimingException.h; sourceTree = "<group>"; };
		8B7885210987D31D003658FC /* InvalidTimingException.cpp */ = {isa = PBXFileReference; fileEncoding = 4; lastKnownFileType = sourcecode.cpp.cpp; path = InvalidTimingException.cpp; sourceTree = "<group>"; };
		8B7CD3470B2AF9050079B01E /* RemoveCharacterPackage.h */ = {isa = PBXFileReference; fileEncoding = 4; lastKnownFileType = sourcecode.c.h; path = RemoveCharacterPackage.h; sourceTree = "<group>"; };
		8B7CD3480B2AF9050079B01E /* RemoveCharacterPackage.cpp */ = {isa = PBXFileReference; fileEncoding = 4; lastKnownFileType = sourcecode.cpp.cpp; path = RemoveCharacterPackage.cpp; sourceTree = "<group>"; };
		8B7CD3BB0B2B03100079B01E /* RemoveObjectPackage.h */ = {isa = PBXFileReference; fileEncoding = 4; lastKnownFileType = sourcecode.c.h; path = RemoveObjectPackage.h; sourceTree = "<group>"; };
		8B7CD3BC0B2B03100079B01E /* RemoveObjectPackage.cpp */ = {isa = PBXFileReference; fileEncoding = 4; lastKnownFileType = sourcecode.cpp.cpp; path = RemoveObjectPackage.cpp; sourceTree = "<group>"; };
		8B7CD3BE0B2B031E0079B01E /* RemoveDirectionalLightPackage.h */ = {isa = PBXFileReference; fileEncoding = 4; lastKnownFileType = sourcecode.c.h; path = RemoveDirectionalLightPackage.h; sourceTree = "<group>"; };
		8B7CD3BF0B2B031E0079B01E /* RemoveDirectionalLightPackage.cpp */ = {isa = PBXFileReference; fileEncoding = 4; lastKnownFileType = sourcecode.cpp.cpp; path = RemoveDirectionalLightPackage.cpp; sourceTree = "<group>"; };
		8B9424590AFBCDD100809A40 /* AnimationGenerationLayer.h */ = {isa = PBXFileReference; fileEncoding = 4; lastKnownFileType = sourcecode.c.h; path = AnimationGenerationLayer.h; sourceTree = "<group>"; };
		8B94245A0AFBCDD100809A40 /* AnimationGenerationLayer.cpp */ = {isa = PBXFileReference; fileEncoding = 4; lastKnownFileType = sourcecode.cpp.cpp; path = AnimationGenerationLayer.cpp; sourceTree = "<group>"; };
		8B971EC509E69EB2000FA720 /* DataManager.h */ = {isa = PBXFileReference; fileEncoding = 4; lastKnownFileType = sourcecode.c.h; path = DataManager.h; sourceTree = "<group>"; };
		8B971EC609E69EB2000FA720 /* DataManager.cpp */ = {isa = PBXFileReference; fileEncoding = 4; lastKnownFileType = sourcecode.cpp.cpp; path = DataManager.cpp; sourceTree = "<group>"; };
		8B971EC809E6A0A9000FA720 /* CharacterData.h */ = {isa = PBXFileReference; fileEncoding = 4; lastKnownFileType = sourcecode.c.h; path = CharacterData.h; sourceTree = "<group>"; };
		8B971EC909E6A0A9000FA720 /* CharacterData.cpp */ = {isa = PBXFileReference; fileEncoding = 4; lastKnownFileType = sourcecode.cpp.cpp; path = CharacterData.cpp; sourceTree = "<group>"; };
		8BA1F9010B27209200670B11 /* test.saml */ = {isa = PBXFileReference; explicitFileType = text.xml; fileEncoding = 4; name = test.saml; path = ../../CLEAN_UP/test.saml; sourceTree = "<group>"; };
		8BA1F9070B2721BF00670B11 /* SAMLParser.h */ = {isa = PBXFileReference; fileEncoding = 4; lastKnownFileType = sourcecode.c.h; path = SAMLParser.h; sourceTree = "<group>"; };
		8BA1F9080B2721BF00670B11 /* SAMLParser.cpp */ = {isa = PBXFileReference; fileEncoding = 4; lastKnownFileType = sourcecode.cpp.cpp; path = SAMLParser.cpp; sourceTree = "<group>"; };
		8BCC52EF0A26FA6D008B23C1 /* ActionScript.h */ = {isa = PBXFileReference; fileEncoding = 4; lastKnownFileType = sourcecode.c.h; path = ActionScript.h; sourceTree = "<group>"; };
		8BCC52F00A26FA6D008B23C1 /* ActionScript.cpp */ = {isa = PBXFileReference; fileEncoding = 4; lastKnownFileType = sourcecode.cpp.cpp; path = ActionScript.cpp; sourceTree = "<group>"; };
		8BCC52F50A26FC61008B23C1 /* CharacterExpression.h */ = {isa = PBXFileReference; fileEncoding = 4; lastKnownFileType = sourcecode.c.h; path = CharacterExpression.h; sourceTree = "<group>"; };
		8BCC52F60A26FC61008B23C1 /* CharacterExpression.cpp */ = {isa = PBXFileReference; fileEncoding = 4; lastKnownFileType = sourcecode.cpp.cpp; path = CharacterExpression.cpp; sourceTree = "<group>"; };
		8BDC8FC909FBDDF4004F3032 /* PipelineMiddleLayer.h */ = {isa = PBXFileReference; fileEncoding = 4; lastKnownFileType = sourcecode.c.h; path = PipelineMiddleLayer.h; sourceTree = "<group>"; };
		8BDC8FCA09FBDDF4004F3032 /* PipelineMiddleLayer.cpp */ = {isa = PBXFileReference; fileEncoding = 4; lastKnownFileType = sourcecode.cpp.cpp; path = PipelineMiddleLayer.cpp; sourceTree = "<group>"; };
		8BDCBDFB09EE4DFD00DEF187 /* TestClientCarbon-Info.plist */ = {isa = PBXFileReference; lastKnownFileType = text.xml; path = "TestClientCarbon-Info.plist"; sourceTree = "<group>"; };
		8BDCBE0509EE4E1600DEF187 /* TestClientCocoa-Info.plist */ = {isa = PBXFileReference; lastKnownFileType = text.xml; path = "TestClientCocoa-Info.plist"; sourceTree = "<group>"; };
		8BDCBE7E09EE5CD900DEF187 /* NetworkLayer.h */ = {isa = PBXFileReference; fileEncoding = 4; lastKnownFileType = sourcecode.c.h; path = NetworkLayer.h; sourceTree = "<group>"; };
		8BDCBE7F09EE5CD900DEF187 /* NetworkLayer.cpp */ = {isa = PBXFileReference; fileEncoding = 4; lastKnownFileType = sourcecode.cpp.cpp; path = NetworkLayer.cpp; sourceTree = "<group>"; };
		8BDCBEFC09EE64A000DEF187 /* SDL_net.framework */ = {isa = PBXFileReference; lastKnownFileType = wrapper.framework; name = SDL_net.framework; path = /Library/Frameworks/SDL_net.framework; sourceTree = "<absolute>"; };
		8BDCC04E09EE8AF200DEF187 /* SDLMain.h */ = {isa = PBXFileReference; fileEncoding = 30; lastKnownFileType = sourcecode.c.h; path = SDLMain.h; sourceTree = "<group>"; };
		8BDCC04F09EE8AF200DEF187 /* SDLMain.m */ = {isa = PBXFileReference; fileEncoding = 30; lastKnownFileType = sourcecode.c.objc; path = SDLMain.m; sourceTree = "<group>"; };
		8BE288FD0A20799000C19E90 /* CharacterExpressionMap.h */ = {isa = PBXFileReference; fileEncoding = 4; lastKnownFileType = sourcecode.c.h; path = CharacterExpressionMap.h; sourceTree = "<group>"; };
		8BE289200A207F3600C19E90 /* TimedExpressionMap.h */ = {isa = PBXFileReference; fileEncoding = 4; lastKnownFileType = sourcecode.c.h; path = TimedExpressionMap.h; sourceTree = "<group>"; };
		8BE686EA0A29D090007D1BC5 /* BodyAnimationLibrary.h */ = {isa = PBXFileReference; fileEncoding = 4; lastKnownFileType = sourcecode.c.h; path = BodyAnimationLibrary.h; sourceTree = "<group>"; };
		8BE686EB0A29D090007D1BC5 /* BodyAnimationLibrary.cpp */ = {isa = PBXFileReference; fileEncoding = 4; lastKnownFileType = sourcecode.cpp.cpp; path = BodyAnimationLibrary.cpp; sourceTree = "<group>"; };
		8BE686ED0A29D236007D1BC5 /* BodyAnimation.h */ = {isa = PBXFileReference; fileEncoding = 4; lastKnownFileType = sourcecode.c.h; path = BodyAnimation.h; sourceTree = "<group>"; };
		8BE686EE0A29D236007D1BC5 /* BodyAnimation.cpp */ = {isa = PBXFileReference; fileEncoding = 4; lastKnownFileType = sourcecode.cpp.cpp; path = BodyAnimation.cpp; sourceTree = "<group>"; };
		8BE686FA0A29D3C8007D1BC5 /* BodyAnimationMap.h */ = {isa = PBXFileReference; fileEncoding = 4; lastKnownFileType = sourcecode.c.h; path = BodyAnimationMap.h; sourceTree = "<group>"; };
		8BE687B00A29E950007D1BC5 /* ActionLibrary.h */ = {isa = PBXFileReference; fileEncoding = 4; lastKnownFileType = sourcecode.c.h; path = ActionLibrary.h; sourceTree = "<group>"; };
		8BE687B10A29E950007D1BC5 /* ActionLibrary.cpp */ = {isa = PBXFileReference; fileEncoding = 4; lastKnownFileType = sourcecode.cpp.cpp; path = ActionLibrary.cpp; sourceTree = "<group>"; };
		8BE687B50A29E9F4007D1BC5 /* ActionScriptMap.h */ = {isa = PBXFileReference; fileEncoding = 4; lastKnownFileType = sourcecode.c.h; path = ActionScriptMap.h; sourceTree = "<group>"; };
		8BEB74950AAB1E9200E7FC9E /* AudioTrack.h */ = {isa = PBXFileReference; fileEncoding = 4; lastKnownFileType = sourcecode.c.h; path = AudioTrack.h; sourceTree = "<group>"; };
		8BEB74960AAB1E9200E7FC9E /* AudioTrack.cpp */ = {isa = PBXFileReference; fileEncoding = 4; lastKnownFileType = sourcecode.cpp.cpp; path = AudioTrack.cpp; sourceTree = "<group>"; };
		8BF6AB890A8F741C00BC89E3 /* StringRealMap.h */ = {isa = PBXFileReference; fileEncoding = 4; lastKnownFileType = sourcecode.c.h; path = StringRealMap.h; sourceTree = "<group>"; };
		8BF6ABA70A8F773800BC89E3 /* StringIntMap.h */ = {isa = PBXFileReference; fileEncoding = 4; lastKnownFileType = sourcecode.c.h; path = StringIntMap.h; sourceTree = "<group>"; };
		8BF8C69D09DEADAE008DA59F /* libboost_thread.a */ = {isa = PBXFileReference; lastKnownFileType = archive.ar; name = libboost_thread.a; path = /opt/local/lib/libboost_thread.a; sourceTree = "<absolute>"; };
		8BF8C79D09DED9DE008DA59F /* PipelineLayer.h */ = {isa = PBXFileReference; fileEncoding = 4; lastKnownFileType = sourcecode.c.h; path = PipelineLayer.h; sourceTree = "<group>"; };
		8BF8C79E09DED9DE008DA59F /* PipelineLayer.cpp */ = {isa = PBXFileReference; fileEncoding = 4; lastKnownFileType = sourcecode.cpp.cpp; path = PipelineLayer.cpp; sourceTree = "<group>"; };
		8BF8C7E009DEDE8C008DA59F /* PipelineManager.h */ = {isa = PBXFileReference; fileEncoding = 4; lastKnownFileType = sourcecode.c.h; path = PipelineManager.h; sourceTree = "<group>"; };
		8BF8C7E109DEDE8C008DA59F /* PipelineManager.cpp */ = {isa = PBXFileReference; fileEncoding = 4; lastKnownFileType = sourcecode.cpp.cpp; path = PipelineManager.cpp; sourceTree = "<group>"; };
		8BF8C86609DF16CE008DA59F /* PackageQueue.h */ = {isa = PBXFileReference; fileEncoding = 4; lastKnownFileType = sourcecode.c.h; path = PackageQueue.h; sourceTree = "<group>"; };
		8BF8C86709DF16CE008DA59F /* PackageQueue.cpp */ = {isa = PBXFileReference; fileEncoding = 4; lastKnownFileType = sourcecode.cpp.cpp; path = PackageQueue.cpp; sourceTree = "<group>"; };
		8BF8C87209DF1918008DA59F /* CharacterDataPackage.h */ = {isa = PBXFileReference; fileEncoding = 4; lastKnownFileType = sourcecode.c.h; path = CharacterDataPackage.h; sourceTree = "<group>"; };
		8BF8C87309DF1918008DA59F /* CharacterDataPackage.cpp */ = {isa = PBXFileReference; fileEncoding = 4; lastKnownFileType = sourcecode.cpp.cpp; path = CharacterDataPackage.cpp; sourceTree = "<group>"; };
		8BFA676F0AA99A01006FD624 /* OpenAL.framework */ = {isa = PBXFileReference; lastKnownFileType = wrapper.framework; name = OpenAL.framework; path = /System/Library/Frameworks/OpenAL.framework; sourceTree = "<absolute>"; };
		8BFA68030AA9B046006FD624 /* Observer.h */ = {isa = PBXFileReference; fileEncoding = 4; lastKnownFileType = sourcecode.c.h; path = Observer.h; sourceTree = "<group>"; };
		8BFA68040AA9B046006FD624 /* Observer.cpp */ = {isa = PBXFileReference; fileEncoding = 4; lastKnownFileType = sourcecode.cpp.cpp; path = Observer.cpp; sourceTree = "<group>"; };
		8BFB6EDB0B2C0D7E00622E8A /* BodyAnimationVector.h */ = {isa = PBXFileReference; fileEncoding = 4; lastKnownFileType = sourcecode.c.h; path = BodyAnimationVector.h; sourceTree = "<group>"; };
		8BFB6EFF0B2C16A300622E8A /* ImportSAMLFilePackage.h */ = {isa = PBXFileReference; fileEncoding = 4; lastKnownFileType = sourcecode.c.h; path = ImportSAMLFilePackage.h; sourceTree = "<group>"; };
		8BFB6F000B2C16A300622E8A /* ImportSAMLFilePackage.cpp */ = {isa = PBXFileReference; fileEncoding = 4; lastKnownFileType = sourcecode.cpp.cpp; path = ImportSAMLFilePackage.cpp; sourceTree = "<group>"; };
		8BFB6F060B2C177800622E8A /* ImportFEMLFilePackage.h */ = {isa = PBXFileReference; fileEncoding = 4; lastKnownFileType = sourcecode.c.h; path = ImportFEMLFilePackage.h; sourceTree = "<group>"; };
		8BFB6F070B2C177800622E8A /* ImportFEMLFilePackage.cpp */ = {isa = PBXFileReference; fileEncoding = 4; lastKnownFileType = sourcecode.cpp.cpp; path = ImportFEMLFilePackage.cpp; sourceTree = "<group>"; };
		8BFB701B0B2C2E3700622E8A /* EyeGazeGenerator.h */ = {isa = PBXFileReference; fileEncoding = 4; lastKnownFileType = sourcecode.c.h; path = EyeGazeGenerator.h; sourceTree = "<group>"; };
		8BFB701C0B2C2E3700622E8A /* EyeGazeGenerator.cpp */ = {isa = PBXFileReference; fileEncoding = 4; lastKnownFileType = sourcecode.cpp.cpp; path = EyeGazeGenerator.cpp; sourceTree = "<group>"; };
		8BFD4BD60A77AEE800DDB7F8 /* FKPerformance.h */ = {isa = PBXFileReference; fileEncoding = 4; lastKnownFileType = sourcecode.c.h; path = FKPerformance.h; sourceTree = "<group>"; };
		8BFD4BD70A77AEE800DDB7F8 /* FKPerformance.cpp */ = {isa = PBXFileReference; fileEncoding = 4; lastKnownFileType = sourcecode.cpp.cpp; path = FKPerformance.cpp; sourceTree = "<group>"; };
		8BFD4BE30A77B02100DDB7F8 /* FKTrack.h */ = {isa = PBXFileReference; fileEncoding = 4; lastKnownFileType = sourcecode.c.h; path = FKTrack.h; sourceTree = "<group>"; };
		8BFD4BE40A77B02100DDB7F8 /* FKTrack.cpp */ = {isa = PBXFileReference; fileEncoding = 4; lastKnownFileType = sourcecode.cpp.cpp; path = FKTrack.cpp; sourceTree = "<group>"; };
		8BFD4BFA0A77B25600DDB7F8 /* FKKeyFrame.h */ = {isa = PBXFileReference; fileEncoding = 4; lastKnownFileType = sourcecode.c.h; path = FKKeyFrame.h; sourceTree = "<group>"; };
		8BFD4BFB0A77B25600DDB7F8 /* FKKeyFrame.cpp */ = {isa = PBXFileReference; fileEncoding = 4; lastKnownFileType = sourcecode.cpp.cpp; path = FKKeyFrame.cpp; sourceTree = "<group>"; };
		8BFD4C1A0A77B8FE00DDB7F8 /* FKTrackMap.h */ = {isa = PBXFileReference; fileEncoding = 4; lastKnownFileType = sourcecode.c.h; path = FKTrackMap.h; sourceTree = "<group>"; };
		8BFD4C470A77BF1B00DDB7F8 /* FKKeyFrameMap.h */ = {isa = PBXFileReference; fileEncoding = 4; lastKnownFileType = sourcecode.c.h; path = FKKeyFrameMap.h; sourceTree = "<group>"; };
		8BFD4D050A77C36300DDB7F8 /* FKPerformanceVector.h */ = {isa = PBXFileReference; fileEncoding = 4; lastKnownFileType = sourcecode.c.h; path = FKPerformanceVector.h; sourceTree = "<group>"; };
		8BFED28F0A8DDDA30048DE95 /* test.feml */ = {isa = PBXFileReference; explicitFileType = text.xml; fileEncoding = 4; name = test.feml; path = ../../CLEAN_UP/test.feml; sourceTree = "<group>"; };
		8BFED2A50A8DE15B0048DE95 /* FEMLParser.h */ = {isa = PBXFileReference; fileEncoding = 4; lastKnownFileType = sourcecode.c.h; path = FEMLParser.h; sourceTree = "<group>"; };
		8BFED2A60A8DE15B0048DE95 /* FEMLParser.cpp */ = {isa = PBXFileReference; fileEncoding = 4; lastKnownFileType = sourcecode.cpp.cpp; path = FEMLParser.cpp; sourceTree = "<group>"; };
		8BFF956A0A1E068900F2E4D1 /* ExpressionVector.h */ = {isa = PBXFileReference; fileEncoding = 4; lastKnownFileType = sourcecode.c.h; path = ExpressionVector.h; sourceTree = "<group>"; };
		8BFF95740A1E07C800F2E4D1 /* EmotionTypes.h */ = {isa = PBXFileReference; fileEncoding = 4; lastKnownFileType = sourcecode.c.h; path = EmotionTypes.h; sourceTree = "<group>"; };
		8D1107310486CEB800E47090 /* Info.plist */ = {isa = PBXFileReference; fileEncoding = 4; lastKnownFileType = text.plist; path = Info.plist; sourceTree = "<group>"; };
		8D1107320486CEB800E47090 /* OgreTest.app */ = {isa = PBXFileReference; explicitFileType = wrapper.application; includeInIndex = 0; path = OgreTest.app; sourceTree = BUILT_PRODUCTS_DIR; };
/* End PBXFileReference section */

/* Begin PBXFrameworksBuildPhase section */
		8D11072E0486CEB800E47090 /* Frameworks */ = {
			isa = PBXFrameworksBuildPhase;
			buildActionMask = 2147483647;
			files = (
				8BF8C7AB09DEDB85008DA59F /* libboost_thread.a in Frameworks */,
				8D11072F0486CEB800E47090 /* Cocoa.framework in Frameworks */,
				8B1144ED093C53CE00514A86 /* SDL.framework in Frameworks */,
				8B11451A093C54A400514A86 /* Ogre.framework in Frameworks */,
				8BDCBEFD09EE64A000DEF187 /* SDL_net.framework in Frameworks */,
				8B029B440A01134C0022DD8B /* Xerces.framework in Frameworks */,
				8BFA67700AA99A01006FD624 /* OpenAL.framework in Frameworks */,
				8B3C681F0D15850E004A46C7 /* libois.a in Frameworks */,
				8B3C68270D158555004A46C7 /* libFreeImage.a in Frameworks */,
				8B3C68280D158555004A46C7 /* libfreetype.a in Frameworks */,
				8B3C68290D158555004A46C7 /* libzzip.a in Frameworks */,
				8B3C682E0D1585D5004A46C7 /* CEGUI.framework in Frameworks */,
				8B3C682F0D1585D6004A46C7 /* Cg.framework in Frameworks */,
				8B3C68300D1585D6004A46C7 /* OgreCEGUIRenderer.framework in Frameworks */,
			);
			runOnlyForDeploymentPostprocessing = 0;
		};
/* End PBXFrameworksBuildPhase section */

/* Begin PBXGroup section */
		1058C7A0FEA54F0111CA2CBB /* Linked Frameworks */ = {
			isa = PBXGroup;
			children = (
				8B3C682B0D1585D5004A46C7 /* CEGUI.framework */,
				8B3C682C0D1585D5004A46C7 /* Cg.framework */,
				8B3C682D0D1585D5004A46C7 /* OgreCEGUIRenderer.framework */,
				8B029B430A01134C0022DD8B /* Xerces.framework */,
				8B114519093C54A400514A86 /* Ogre.framework */,
				8B1144EC093C53CE00514A86 /* SDL.framework */,
				8BDCBEFC09EE64A000DEF187 /* SDL_net.framework */,
				1058C7A1FEA54F0111CA2CBB /* Cocoa.framework */,
			);
			name = "Linked Frameworks";
			sourceTree = "<group>";
		};
		1058C7A2FEA54F0111CA2CBB /* Other Frameworks */ = {
			isa = PBXGroup;
			children = (
				8BFA676F0AA99A01006FD624 /* OpenAL.framework */,
				29B97324FDCFA39411CA2CEA /* AppKit.framework */,
				13E42FB307B3F0F600E4EEF1 /* CoreData.framework */,
				29B97325FDCFA39411CA2CEA /* Foundation.framework */,
			);
			name = "Other Frameworks";
			sourceTree = "<group>";
		};
		19C28FACFE9D520D11CA2CBB /* Products */ = {
			isa = PBXGroup;
			children = (
				8D1107320486CEB800E47090 /* OgreTest.app */,
			);
			name = Products;
			sourceTree = "<group>";
		};
		29B97314FDCFA39411CA2CEA /* OgreTest */ = {
			isa = PBXGroup;
			children = (
				8B3C68240D158555004A46C7 /* libFreeImage.a */,
				8B3C68250D158555004A46C7 /* libfreetype.a */,
				8B3C68260D158555004A46C7 /* libzzip.a */,
				8B3C681E0D15850E004A46C7 /* libois.a */,
				8B76DF7C0C52090F0048F611 /* SConstruct */,
				8BF8C69D09DEADAE008DA59F /* libboost_thread.a */,
				8B114600093C5B6C00514A86 /* resources.cfg */,
				8B1145FE093C5B6000514A86 /* plugins.cfg */,
				8B1144E4093C531C00514A86 /* src */,
				29B97315FDCFA39411CA2CEA /* Other Sources */,
				29B97317FDCFA39411CA2CEA /* Resources */,
				29B97323FDCFA39411CA2CEA /* Frameworks */,
				19C28FACFE9D520D11CA2CBB /* Products */,
				8BDCBDFB09EE4DFD00DEF187 /* TestClientCarbon-Info.plist */,
				8BDCBE0509EE4E1600DEF187 /* TestClientCocoa-Info.plist */,
			);
			name = OgreTest;
			sourceTree = "<group>";
		};
		29B97315FDCFA39411CA2CEA /* Other Sources */ = {
			isa = PBXGroup;
			children = (
				8B3C666E0D1557F3004A46C7 /* OIS */,
				8BDCC04E09EE8AF200DEF187 /* SDLMain.h */,
				8BDCC04F09EE8AF200DEF187 /* SDLMain.m */,
			);
			name = "Other Sources";
			path = ../../src;
			sourceTree = "<group>";
		};
		29B97317FDCFA39411CA2CEA /* Resources */ = {
			isa = PBXGroup;
			children = (
				8D1107310486CEB800E47090 /* Info.plist */,
				089C165CFE840E0CC02AAC07 /* InfoPlist.strings */,
				8B0B43800A02147B007D1119 /* test.xml */,
				8B2D3C440A9600ED00BD068A /* newFormat.xml */,
				8BFED28F0A8DDDA30048DE95 /* test.feml */,
				8B30A07D0A9DE26400348EF3 /* config.xml */,
				8BA1F9010B27209200670B11 /* test.saml */,
			);
			name = Resources;
			sourceTree = "<group>";
		};
		29B97323FDCFA39411CA2CEA /* Frameworks */ = {
			isa = PBXGroup;
			children = (
				1058C7A0FEA54F0111CA2CBB /* Linked Frameworks */,
				1058C7A2FEA54F0111CA2CBB /* Other Frameworks */,
			);
			name = Frameworks;
			sourceTree = "<group>";
		};
		8B02CA410988E4D900BAF28D /* Character */ = {
			isa = PBXGroup;
			children = (
				8BF6ABA70A8F773800BC89E3 /* StringIntMap.h */,
				8BFED2A40A8DE1240048DE95 /* Parsers */,
				8B02628B0990C38E000E8917 /* Character.h */,
				8B02628C0990C38E000E8917 /* Character.cpp */,
				8B53727D0A1365AB00DAEE64 /* FacialExpression.h */,
				8B53727E0A1365AB00DAEE64 /* FacialExpression.cpp */,
				8B029F3F0A1B4D9D00B0EEDE /* ExpressionLibrary.h */,
				8B029F400A1B4D9D00B0EEDE /* ExpressionLibrary.cpp */,
				8B029F550A1B530100B0EEDE /* BehaviorLibrary.h */,
				8B029F560A1B530100B0EEDE /* BehaviorLibrary.cpp */,
				8BE686EA0A29D090007D1BC5 /* BodyAnimationLibrary.h */,
				8BE686EB0A29D090007D1BC5 /* BodyAnimationLibrary.cpp */,
				8BE288FD0A20799000C19E90 /* CharacterExpressionMap.h */,
				8B0146BD0A1C77C5002B8038 /* ExpressionMap.h */,
				8BFF956A0A1E068900F2E4D1 /* ExpressionVector.h */,
				8BFF95740A1E07C800F2E4D1 /* EmotionTypes.h */,
				8BE289200A207F3600C19E90 /* TimedExpressionMap.h */,
				8BCC52EF0A26FA6D008B23C1 /* ActionScript.h */,
				8BE687B00A29E950007D1BC5 /* ActionLibrary.h */,
				8BE687B10A29E950007D1BC5 /* ActionLibrary.cpp */,
				8BCC52F00A26FA6D008B23C1 /* ActionScript.cpp */,
				8BE686ED0A29D236007D1BC5 /* BodyAnimation.h */,
				8BE686EE0A29D236007D1BC5 /* BodyAnimation.cpp */,
				8BE686FA0A29D3C8007D1BC5 /* BodyAnimationMap.h */,
				8BFB6EDB0B2C0D7E00622E8A /* BodyAnimationVector.h */,
				8BE687B50A29E9F4007D1BC5 /* ActionScriptMap.h */,
				8BF6AB890A8F741C00BC89E3 /* StringRealMap.h */,
			);
			name = Character;
			sourceTree = "<group>";
		};
		8B02CA420988E4FE00BAF28D /* DataLayer */ = {
			isa = PBXGroup;
			children = (
				8B7885200987D31D003658FC /* InvalidTimingException.h */,
				8B7885210987D31D003658FC /* InvalidTimingException.cpp */,
			);
			name = DataLayer;
			sourceTree = "<group>";
		};
		8B08EE6F098F5B6C00089F7C /* Main */ = {
			isa = PBXGroup;
			children = (
				8B08EE70098F5BD100089F7C /* EngineManager.h */,
				8B08EE71098F5BD100089F7C /* EngineManager.cpp */,
				8B015562099B3BF70052350E /* CharacterMap.h */,
				8B0D476F09FF6B3D00BC8E5F /* CharacterPerformanceMap.h */,
				8B0D477209FF6B7800BC8E5F /* CharacterPerformanceVector.h */,
				8B30A0800A9DE2A400348EF3 /* Config.h */,
				8B30A0810A9DE2A400348EF3 /* Config.cpp */,
			);
			name = Main;
			sourceTree = "<group>";
		};
		8B0D47AC09FF722B00BC8E5F /* Network */ = {
			isa = PBXGroup;
			children = (
			);
			name = Network;
			sourceTree = "<group>";
		};
		8B1144E4093C531C00514A86 /* src */ = {
			isa = PBXGroup;
			children = (
				8B64021F0AB0129A0001F9BA /* Audio */,
				8B08EE6F098F5B6C00089F7C /* Main */,
				8B1144E1093C530B00514A86 /* main.cpp */,
				8B02CA410988E4D900BAF28D /* Character */,
				8B02CA420988E4FE00BAF28D /* DataLayer */,
				8BF8C79C09DED9BF008DA59F /* Pipeline */,
				8B971EC009E69E79000FA720 /* DataManager */,
				8B3989060A8A1DD100DBBBD1 /* Rendering */,
				8BFA68020AA9B009006FD624 /* Scene */,
			);
			name = src;
			path = ../../src;
			sourceTree = "<group>";
		};
		8B30727109E93D36006213A5 /* DataPackage */ = {
			isa = PBXGroup;
			children = (
				8BF8C87209DF1918008DA59F /* CharacterDataPackage.h */,
				8BF8C87309DF1918008DA59F /* CharacterDataPackage.cpp */,
				8B30727209E93DAE006213A5 /* CharacterPerformance.h */,
				8B30727309E93DAE006213A5 /* CharacterPerformance.cpp */,
				8BCC52F50A26FC61008B23C1 /* CharacterExpression.h */,
				8BCC52F60A26FC61008B23C1 /* CharacterExpression.cpp */,
				8BFD4BD60A77AEE800DDB7F8 /* FKPerformance.h */,
				8BFD4BD70A77AEE800DDB7F8 /* FKPerformance.cpp */,
				8BFD4BE30A77B02100DDB7F8 /* FKTrack.h */,
				8BFD4BE40A77B02100DDB7F8 /* FKTrack.cpp */,
				8BFD4BFA0A77B25600DDB7F8 /* FKKeyFrame.h */,
				8BFD4BFB0A77B25600DDB7F8 /* FKKeyFrame.cpp */,
				8BFD4C1A0A77B8FE00DDB7F8 /* FKTrackMap.h */,
				8BFD4C470A77BF1B00DDB7F8 /* FKKeyFrameMap.h */,
				8BFD4D050A77C36300DDB7F8 /* FKPerformanceVector.h */,
				8B5F706F0A7A20490015C23D /* FKPerformanceMap.h */,
				8B10C3BD0A94916D000ED8E7 /* Package.h */,
				8B10C3BE0A94916D000ED8E7 /* Package.cpp */,
				8B309F1A0A9DB9A800348EF3 /* AddCharacterPackage.h */,
				8B309F1B0A9DB9A800348EF3 /* AddCharacterPackage.cpp */,
				8B4400000A9F0C5300FCE209 /* AmbientLightPackage.h */,
				8B4400010A9F0C5300FCE209 /* AmbientLightPackage.cpp */,
				8B4400110A9F0E4000FCE209 /* DirectionalLightPackage.h */,
				8B4400120A9F0E4000FCE209 /* DirectionalLightPackage.cpp */,
				8B5DF8DC0AAEBE2B00DDC577 /* AddObjectPackage.h */,
				8B5DF8DD0AAEBE2B00DDC577 /* AddObjectPackage.cpp */,
				8B5DF9D40AAED38800DDC577 /* CameraControlPackage.h */,
				8B5DF9D50AAED38800DDC577 /* CameraControlPackage.cpp */,
				8B6402FA0AB04E390001F9BA /* CharacterSoundPackage.h */,
				8B6402FB0AB04E390001F9BA /* CharacterSoundPackage.cpp */,
				8B1CD3830B1234BA005C6FBE /* EyePosition.h */,
				8B1CD3840B1234BA005C6FBE /* EyePosition.cpp */,
				8B1CD38A0B1236D4005C6FBE /* EyeAnimation.h */,
				8B1CD38B0B1236D4005C6FBE /* EyeAnimation.cpp */,
				8B1CD3930B12386A005C6FBE /* TimedEyePositionMap.h */,
				8B1CD3DB0B124924005C6FBE /* EyeAnimationVector.h */,
				8B7CD3470B2AF9050079B01E /* RemoveCharacterPackage.h */,
				8B7CD3480B2AF9050079B01E /* RemoveCharacterPackage.cpp */,
				8B7CD3BB0B2B03100079B01E /* RemoveObjectPackage.h */,
				8B7CD3BC0B2B03100079B01E /* RemoveObjectPackage.cpp */,
				8B7CD3BE0B2B031E0079B01E /* RemoveDirectionalLightPackage.h */,
				8B7CD3BF0B2B031E0079B01E /* RemoveDirectionalLightPackage.cpp */,
				8BFB6EFF0B2C16A300622E8A /* ImportSAMLFilePackage.h */,
				8BFB6F000B2C16A300622E8A /* ImportSAMLFilePackage.cpp */,
				8BFB6F060B2C177800622E8A /* ImportFEMLFilePackage.h */,
				8BFB6F070B2C177800622E8A /* ImportFEMLFilePackage.cpp */,
			);
			name = DataPackage;
			sourceTree = "<group>";
		};
		8B351B130B0495CC0033E27F /* Generator */ = {
			isa = PBXGroup;
			children = (
				8B351B150B0495F90033E27F /* Generator.h */,
				8B351B160B0495F90033E27F /* Generator.cpp */,
				8B351B450B0499B40033E27F /* HeadMovementGenerator.h */,
				8B351B460B0499B40033E27F /* HeadMovementGenerator.cpp */,
				8BFB701B0B2C2E3700622E8A /* EyeGazeGenerator.h */,
				8BFB701C0B2C2E3700622E8A /* EyeGazeGenerator.cpp */,
			);
			name = Generator;
			sourceTree = "<group>";
		};
		8B3989060A8A1DD100DBBBD1 /* Rendering */ = {
			isa = PBXGroup;
			children = (
				8B3989070A8A1E1D00DBBBD1 /* RenderingLayer.cpp */,
				8B3989080A8A1E1D00DBBBD1 /* RenderingLayer.h */,
			);
			name = Rendering;
			sourceTree = "<group>";
		};
		8B3C666E0D1557F3004A46C7 /* OIS */ = {
			isa = PBXGroup;
			children = (
				8B3C666F0D1557F3004A46C7 /* OIS.h */,
				8B3C66700D1557F3004A46C7 /* OISConfig.h */,
				8B3C66710D1557F3004A46C7 /* OISEffect.h */,
				8B3C66720D1557F3004A46C7 /* OISEvents.h */,
				8B3C66730D1557F3004A46C7 /* OISException.h */,
				8B3C66740D1557F3004A46C7 /* OISForceFeedback.h */,
				8B3C66750D1557F3004A46C7 /* OISInputManager.h */,
				8B3C66760D1557F3004A46C7 /* OISInterface.h */,
				8B3C66770D1557F3004A46C7 /* OISJoyStick.h */,
				8B3C66780D1557F3004A46C7 /* OISKeyboard.h */,
				8B3C66790D1557F3004A46C7 /* OISMouse.h */,
				8B3C667A0D1557F3004A46C7 /* OISObject.h */,
				8B3C667B0D1557F3004A46C7 /* OISPrereqs.h */,
			);
			name = OIS;
			path = Dependencies/include/OIS;
			sourceTree = SOURCE_ROOT;
		};
		8B64021F0AB0129A0001F9BA /* Audio */ = {
			isa = PBXGroup;
			children = (
				8B640F2D0C9C773B007FA340 /* alut */,
				8BEB74950AAB1E9200E7FC9E /* AudioTrack.h */,
				8BEB74960AAB1E9200E7FC9E /* AudioTrack.cpp */,
				8B6402200AB012C40001F9BA /* AudioTools.h */,
				8B6402210AB012C40001F9BA /* AudioTools.cpp */,
			);
			name = Audio;
			sourceTree = "<group>";
		};
		8B640F2D0C9C773B007FA340 /* alut */ = {
			isa = PBXGroup;
			children = (
				8B640FAB0C9C7FEA007FA340 /* alutUtil.c */,
				8B640F710C9C7DB8007FA340 /* alutBufferData.c */,
				8B640F720C9C7DB8007FA340 /* alutCodec.c */,
				8B640F730C9C7DB8007FA340 /* alutError.c */,
				8B640F740C9C7DB8007FA340 /* alutInit.c */,
				8B640F750C9C7DB8007FA340 /* alutInputStream.c */,
				8B640F330C9C77FF007FA340 /* alut.h */,
				8B640F320C9C77DF007FA340 /* alutInternal.h */,
				8B640F2F0C9C77AE007FA340 /* alutLoader.c */,
			);
			name = alut;
			sourceTree = "<group>";
		};
		8B971EC009E69E79000FA720 /* DataManager */ = {
			isa = PBXGroup;
			children = (
				8B971EC509E69EB2000FA720 /* DataManager.h */,
				8B971EC609E69EB2000FA720 /* DataManager.cpp */,
				8B971EC809E6A0A9000FA720 /* CharacterData.h */,
				8B971EC909E6A0A9000FA720 /* CharacterData.cpp */,
				8B18EBED098A4F270002129A /* IntensityInterpolator.h */,
				8B18EBEE098A4F270002129A /* IntensityInterpolator.cpp */,
			);
			name = DataManager;
			sourceTree = "<group>";
		};
		8BF8C79C09DED9BF008DA59F /* Pipeline */ = {
			isa = PBXGroup;
			children = (
				8B351B130B0495CC0033E27F /* Generator */,
				8B0D47AC09FF722B00BC8E5F /* Network */,
				8B30727109E93D36006213A5 /* DataPackage */,
				8BF8C79D09DED9DE008DA59F /* PipelineLayer.h */,
				8BF8C79E09DED9DE008DA59F /* PipelineLayer.cpp */,
				8BF8C7E009DEDE8C008DA59F /* PipelineManager.h */,
				8BF8C7E109DEDE8C008DA59F /* PipelineManager.cpp */,
				8BF8C86609DF16CE008DA59F /* PackageQueue.h */,
				8BF8C86709DF16CE008DA59F /* PackageQueue.cpp */,
				8BDCBE7E09EE5CD900DEF187 /* NetworkLayer.h */,
				8BDCBE7F09EE5CD900DEF187 /* NetworkLayer.cpp */,
				8BDC8FC909FBDDF4004F3032 /* PipelineMiddleLayer.h */,
				8BDC8FCA09FBDDF4004F3032 /* PipelineMiddleLayer.cpp */,
				8B02953A0A3C559F0030B9B9 /* IdleGenerationLayer.h */,
				8B02953B0A3C559F0030B9B9 /* IdleGenerationLayer.cpp */,
				8B187BF30A45C7220026A8A7 /* AnimationCutterLayer.h */,
				8B187BF40A45C7220026A8A7 /* AnimationCutterLayer.cpp */,
				8B3989B50A8A263B00DBBBD1 /* Pipeline.h */,
				8B3989B60A8A263C00DBBBD1 /* Pipeline.cpp */,
				8B2B76520A8B2DE3001E51A4 /* PipelineMap.h */,
				8B9424590AFBCDD100809A40 /* AnimationGenerationLayer.h */,
				8B94245A0AFBCDD100809A40 /* AnimationGenerationLayer.cpp */,
			);
			name = Pipeline;
			sourceTree = "<group>";
		};
		8BFA68020AA9B009006FD624 /* Scene */ = {
			isa = PBXGroup;
			children = (
				8B76758E0AD141DF00CF9F7F /* ObserverKeyFrame.cpp */,
				8B76758D0AD141DF00CF9F7F /* ObserverKeyFrame.h */,
				8BFA68030AA9B046006FD624 /* Observer.h */,
				8BFA68040AA9B046006FD624 /* Observer.cpp */,
			);
			name = Scene;
			sourceTree = "<group>";
		};
		8BFED2A40A8DE1240048DE95 /* Parsers */ = {
			isa = PBXGroup;
			children = (
				8B2D8AC40A97403800D2FA52 /* MessageParser.h */,
				8B2D8AC50A97403800D2FA52 /* MessageParser.cpp */,
				8BFED2A50A8DE15B0048DE95 /* FEMLParser.h */,
				8BFED2A60A8DE15B0048DE95 /* FEMLParser.cpp */,
				8B2D8A680A97387E00D2FA52 /* Parser.h */,
				8B2D8A690A97387E00D2FA52 /* Parser.cpp */,
				8BA1F9070B2721BF00670B11 /* SAMLParser.h */,
				8BA1F9080B2721BF00670B11 /* SAMLParser.cpp */,
			);
			name = Parsers;
			sourceTree = "<group>";
		};
/* End PBXGroup section */

/* Begin PBXNativeTarget section */
		8D1107260486CEB800E47090 /* Charanis */ = {
			isa = PBXNativeTarget;
			buildConfigurationList = C01FCF4A08A954540054247B /* Build configuration list for PBXNativeTarget "Charanis" */;
			buildPhases = (
				8D1107290486CEB800E47090 /* Resources */,
				8D11072C0486CEB800E47090 /* Sources */,
				8D11072E0486CEB800E47090 /* Frameworks */,
			);
			buildRules = (
			);
			dependencies = (
			);
			name = Charanis;
			productInstallPath = "$(HOME)/Applications";
			productName = OgreTest;
			productReference = 8D1107320486CEB800E47090 /* OgreTest.app */;
			productType = "com.apple.product-type.application";
		};
/* End PBXNativeTarget section */

/* Begin PBXProject section */
		29B97313FDCFA39411CA2CEA /* Project object */ = {
			isa = PBXProject;
			buildConfigurationList = C01FCF4E08A954540054247B /* Build configuration list for PBXProject "Charanis" */;
			hasScannedForEncodings = 1;
			mainGroup = 29B97314FDCFA39411CA2CEA /* OgreTest */;
			projectDirPath = "";
			targets = (
				8D1107260486CEB800E47090 /* Charanis */,
			);
		};
/* End PBXProject section */

/* Begin PBXResourcesBuildPhase section */
		8D1107290486CEB800E47090 /* Resources */ = {
			isa = PBXResourcesBuildPhase;
			buildActionMask = 2147483647;
			files = (
				8D11072B0486CEB800E47090 /* InfoPlist.strings in Resources */,
				8B1145FF093C5B6000514A86 /* plugins.cfg in Resources */,
				8B114601093C5B6C00514A86 /* resources.cfg in Resources */,
				8B0B43810A02147B007D1119 /* test.xml in Resources */,
				8B76DF7D0C52090F0048F611 /* SConstruct in Resources */,
			);
			runOnlyForDeploymentPostprocessing = 0;
		};
/* End PBXResourcesBuildPhase section */

/* Begin PBXSourcesBuildPhase section */
		8D11072C0486CEB800E47090 /* Sources */ = {
			isa = PBXSourcesBuildPhase;
			buildActionMask = 2147483647;
			files = (
				8BF8C7FE09DEE346008DA59F /* PipelineManager.cpp in Sources */,
				8BF8C7CA09DEDC97008DA59F /* PipelineLayer.cpp in Sources */,
				8B1144E2093C530B00514A86 /* main.cpp in Sources */,
				8B7885220987D31D003658FC /* InvalidTimingException.cpp in Sources */,
				8B18EBEF098A4F270002129A /* IntensityInterpolator.cpp in Sources */,
				8B08EE72098F5BD100089F7C /* EngineManager.cpp in Sources */,
				8B02628D0990C38E000E8917 /* Character.cpp in Sources */,
				8BF8C86809DF16CE008DA59F /* PackageQueue.cpp in Sources */,
				8BF8C87409DF1918008DA59F /* CharacterDataPackage.cpp in Sources */,
				8B971EC709E69EB2000FA720 /* DataManager.cpp in Sources */,
				8B971ECA09E6A0A9000FA720 /* CharacterData.cpp in Sources */,
				8B30727409E93DAE006213A5 /* CharacterPerformance.cpp in Sources */,
				8BDCBE8009EE5CD900DEF187 /* NetworkLayer.cpp in Sources */,
				8BDCC05009EE8AF200DEF187 /* SDLMain.m in Sources */,
				8BDC8FCB09FBDDF4004F3032 /* PipelineMiddleLayer.cpp in Sources */,
				8B53727F0A1365AB00DAEE64 /* FacialExpression.cpp in Sources */,
				8B029F410A1B4D9D00B0EEDE /* ExpressionLibrary.cpp in Sources */,
				8B029F570A1B530100B0EEDE /* BehaviorLibrary.cpp in Sources */,
				8BCC52F10A26FA6D008B23C1 /* ActionScript.cpp in Sources */,
				8BCC52F70A26FC61008B23C1 /* CharacterExpression.cpp in Sources */,
				8BE686EC0A29D090007D1BC5 /* BodyAnimationLibrary.cpp in Sources */,
				8BE686EF0A29D236007D1BC5 /* BodyAnimation.cpp in Sources */,
				8BE687B20A29E950007D1BC5 /* ActionLibrary.cpp in Sources */,
				8B02953C0A3C559F0030B9B9 /* IdleGenerationLayer.cpp in Sources */,
				8B187BF50A45C7220026A8A7 /* AnimationCutterLayer.cpp in Sources */,
				8BFD4BD80A77AEE800DDB7F8 /* FKPerformance.cpp in Sources */,
				8BFD4BE50A77B02100DDB7F8 /* FKTrack.cpp in Sources */,
				8BFD4BFC0A77B25600DDB7F8 /* FKKeyFrame.cpp in Sources */,
				8B3989090A8A1E1D00DBBBD1 /* RenderingLayer.cpp in Sources */,
				8B3989B70A8A263C00DBBBD1 /* Pipeline.cpp in Sources */,
				8BFED2A70A8DE15B0048DE95 /* FEMLParser.cpp in Sources */,
				8B10C3BF0A94916D000ED8E7 /* Package.cpp in Sources */,
				8B2D8A6A0A97387E00D2FA52 /* Parser.cpp in Sources */,
				8B2D8AC60A97403800D2FA52 /* MessageParser.cpp in Sources */,
				8B309F1C0A9DB9A800348EF3 /* AddCharacterPackage.cpp in Sources */,
				8B30A0820A9DE2A400348EF3 /* Config.cpp in Sources */,
				8B4400020A9F0C5300FCE209 /* AmbientLightPackage.cpp in Sources */,
				8B4400130A9F0E4000FCE209 /* DirectionalLightPackage.cpp in Sources */,
				8BFA68050AA9B046006FD624 /* Observer.cpp in Sources */,
				8BEB74970AAB1E9200E7FC9E /* AudioTrack.cpp in Sources */,
				8B5DF8DE0AAEBE2B00DDC577 /* AddObjectPackage.cpp in Sources */,
				8B5DF9D60AAED38800DDC577 /* CameraControlPackage.cpp in Sources */,
				8B6402220AB012C40001F9BA /* AudioTools.cpp in Sources */,
				8B6402FC0AB04E390001F9BA /* CharacterSoundPackage.cpp in Sources */,
				8B76758F0AD141DF00CF9F7F /* ObserverKeyFrame.cpp in Sources */,
				8B94245B0AFBCDD100809A40 /* AnimationGenerationLayer.cpp in Sources */,
				8B351B170B0495F90033E27F /* Generator.cpp in Sources */,
				8B351B470B0499B40033E27F /* HeadMovementGenerator.cpp in Sources */,
				8B1CD3850B1234BA005C6FBE /* EyePosition.cpp in Sources */,
				8B1CD38C0B1236D4005C6FBE /* EyeAnimation.cpp in Sources */,
				8BA1F9090B2721BF00670B11 /* SAMLParser.cpp in Sources */,
				8B7CD3490B2AF9050079B01E /* RemoveCharacterPackage.cpp in Sources */,
				8B7CD3BD0B2B03100079B01E /* RemoveObjectPackage.cpp in Sources */,
				8B7CD3C00B2B031E0079B01E /* RemoveDirectionalLightPackage.cpp in Sources */,
				8BFB6F010B2C16A300622E8A /* ImportSAMLFilePackage.cpp in Sources */,
				8BFB6F080B2C177800622E8A /* ImportFEMLFilePackage.cpp in Sources */,
				8BFB701D0B2C2E3700622E8A /* EyeGazeGenerator.cpp in Sources */,
				8B640FAE0C9C8017007FA340 /* alutUtil.c in Sources */,
				8B640FAF0C9C8018007FA340 /* alutLoader.c in Sources */,
				8B640FB00C9C8019007FA340 /* alutInputStream.c in Sources */,
				8B640FB10C9C801A007FA340 /* alutInit.c in Sources */,
				8B640FB20C9C801A007FA340 /* alutError.c in Sources */,
				8B640FB30C9C801B007FA340 /* alutCodec.c in Sources */,
				8B640FB40C9C801B007FA340 /* alutBufferData.c in Sources */,
			);
			runOnlyForDeploymentPostprocessing = 0;
		};
/* End PBXSourcesBuildPhase section */

/* Begin PBXVariantGroup section */
		089C165CFE840E0CC02AAC07 /* InfoPlist.strings */ = {
			isa = PBXVariantGroup;
			children = (
				089C165DFE840E0CC02AAC07 /* English */,
			);
			name = InfoPlist.strings;
			sourceTree = "<group>";
		};
/* End PBXVariantGroup section */

/* Begin XCBuildConfiguration section */
		C01FCF4B08A954540054247B /* Debug */ = {
			isa = XCBuildConfiguration;
			buildSettings = {
				COPY_PHASE_STRIP = NO;
				FRAMEWORK_SEARCH_PATHS = (
					"$(FRAMEWORK_SEARCH_PATHS)",
					"$(SRCROOT)",
					/Library/Frameworks,
					"/usr/local/Trolltech/Qt-4.1.0/lib",
					"$(FRAMEWORK_SEARCH_PATHS_QUOTED_1)",
				);
				FRAMEWORK_SEARCH_PATHS_QUOTED_1 = "\"$(SRCROOT)/Dependencies\"";
				GCC_DYNAMIC_NO_PIC = NO;
				GCC_ENABLE_FIX_AND_CONTINUE = YES;
				GCC_MODEL_TUNING = G5;
				GCC_OPTIMIZATION_LEVEL = 0;
				GCC_PREFIX_HEADER = "";
				HEADER_SEARCH_PATHS = (
					"$(HEADER_SEARCH_PATHS)",
					/opt/local/include/,
					"/Users/holger/Desktop/xerces-c-src_2_7_0/src",
				);
				INFOPLIST_FILE = Info.plist;
				INSTALL_PATH = "$(HOME)/Applications";
				LIBRARY_SEARCH_PATHS = (
					"$(LIBRARY_SEARCH_PATHS)",
					/opt/local/lib,
					"$(LIBRARY_SEARCH_PATHS_QUOTED_1)",
				);
				LIBRARY_SEARCH_PATHS_QUOTED_1 = "\"$(SRCROOT)/Dependencies/lib/Debug\"";
				PRODUCT_NAME = OgreTest;
				WRAPPER_EXTENSION = app;
				ZERO_LINK = YES;
			};
			name = Debug;
		};
		C01FCF4C08A954540054247B /* Release */ = {
			isa = XCBuildConfiguration;
			buildSettings = {
				ARCHS = (
					ppc,
					i386,
				);
				FRAMEWORK_SEARCH_PATHS = (
					"$(FRAMEWORK_SEARCH_PATHS)",
					"$(SRCROOT)",
					/Library/Frameworks,
					"/usr/local/Trolltech/Qt-4.1.0/lib",
					"$(FRAMEWORK_SEARCH_PATHS_QUOTED_1)",
				);
				FRAMEWORK_SEARCH_PATHS_QUOTED_1 = "\"$(SRCROOT)/Dependencies\"";
				GCC_GENERATE_DEBUGGING_SYMBOLS = NO;
				GCC_MODEL_TUNING = G5;
				GCC_PREFIX_HEADER = "";
				HEADER_SEARCH_PATHS = (
					"$(HEADER_SEARCH_PATHS)",
					/opt/local/include/,
					"/Users/holger/Desktop/xerces-c-src_2_7_0/src",
				);
				INFOPLIST_FILE = Info.plist;
				INSTALL_PATH = "$(HOME)/Applications";
				LIBRARY_SEARCH_PATHS = (
					"$(LIBRARY_SEARCH_PATHS)",
					/opt/local/lib,
					"$(LIBRARY_SEARCH_PATHS_QUOTED_1)",
				);
				LIBRARY_SEARCH_PATHS_QUOTED_1 = "\"$(SRCROOT)/Dependencies/lib/Debug\"";
				PRODUCT_NAME = OgreTest;
				WRAPPER_EXTENSION = app;
			};
			name = Release;
		};
		C01FCF4F08A954540054247B /* Debug */ = {
			isa = XCBuildConfiguration;
			buildSettings = {
				GCC_WARN_ABOUT_RETURN_TYPE = YES;
				GCC_WARN_UNUSED_VARIABLE = YES;
				HEADER_SEARCH_PATHS = (
					"$(HEADER_SEARCH_PATHS)",
					/opt/local/include/,
					"/usr/include/**",
				);
				LIBRARY_SEARCH_PATHS = (
					"$(LIBRARY_SEARCH_PATHS)",
					/opt/local/lib/,
				);
				PREBINDING = NO;
				SDKROOT = /Developer/SDKs/MacOSX10.4u.sdk;
			};
			name = Debug;
		};
		C01FCF5008A954540054247B /* Release */ = {
			isa = XCBuildConfiguration;
			buildSettings = {
				GCC_WARN_ABOUT_RETURN_TYPE = YES;
				GCC_WARN_UNUSED_VARIABLE = YES;
				HEADER_SEARCH_PATHS = (
					"$(HEADER_SEARCH_PATHS)",
					/opt/local/include/,
					"/usr/include/**",
				);
				LIBRARY_SEARCH_PATHS = (
					"$(LIBRARY_SEARCH_PATHS)",
					/opt/local/lib/,
				);
				PREBINDING = NO;
				SDKROOT = /Developer/SDKs/MacOSX10.4u.sdk;
			};
			name = Release;
		};
/* End XCBuildConfiguration section */

/* Begin XCConfigurationList section */
		C01FCF4A08A954540054247B /* Build configuration list for PBXNativeTarget "Charanis" */ = {
			isa = XCConfigurationList;
			buildConfigurations = (
				C01FCF4B08A954540054247B /* Debug */,
				C01FCF4C08A954540054247B /* Release */,
			);
			defaultConfigurationIsVisible = 0;
			defaultConfigurationName = Release;
		};
		C01FCF4E08A954540054247B /* Build configuration list for PBXProject "Charanis" */ = {
			isa = XCConfigurationList;
			buildConfigurations = (
				C01FCF4F08A954540054247B /* Debug */,
				C01FCF5008A954540054247B /* Release */,
			);
			defaultConfigurationIsVisible = 0;
			defaultConfigurationName = Release;
		};
/* End XCConfigurationList section */
	};
	rootObject = 29B97313FDCFA39411CA2CEA /* Project object */;
}
